
Microsoft Visual Studio Solution File, Format Version 12.00
# Visual Studio Version 16
VisualStudioVersion = 16.0.33130.400
MinimumVisualStudioVersion = 10.0.40219.1
Project("{FAE04EC0-301F-11D3-BF4B-00C04F79EFBC}") = "Test.UnitTest", "UnitTest\Test.UnitTest.csproj", "{8C606133-73D3-43DD-BA07-75B2220C94CC}"
EndProject
Project("{FAE04EC0-301F-11D3-BF4B-00C04F79EFBC}") = "TestProj", "TestProj\TestProj.csproj", "{9D9AE6F6-8E11-481B-804E-95A3888FF0F7}"
EndProject
Global
	GlobalSection(SolutionConfigurationPlatforms) = preSolution
		Debug|Any CPU = Debug|Any CPU
		Release|Any CPU = Release|Any CPU
	EndGlobalSection
	GlobalSection(ProjectConfigurationPlatforms) = postSolution
		{8C606133-73D3-43DD-BA07-75B2220C94CC}.Debug|Any CPU.ActiveCfg = Debug|Any CPU
		{8C606133-73D3-43DD-BA07-75B2220C94CC}.Debug|Any CPU.Build.0 = Debug|Any CPU
		{8C606133-73D3-43DD-BA07-75B2220C94CC}.Release|Any CPU.ActiveCfg = Release|Any CPU
		{8C606133-73D3-43DD-BA07-75B2220C94CC}.Release|Any CPU.Build.0 = Release|Any CPU
		{9D9AE6F6-8E11-481B-804E-95A3888FF0F7}.Debug|Any CPU.ActiveCfg = Debug|Any CPU
		{9D9AE6F6-8E11-481B-804E-95A3888FF0F7}.Debug|Any CPU.Build.0 = Debug|Any CPU
		{9D9AE6F6-8E11-481B-804E-95A3888FF0F7}.Release|Any CPU.ActiveCfg = Release|Any CPU
		{9D9AE6F6-8E11-481B-804E-95A3888FF0F7}.Release|Any CPU.Build.0 = Release|Any CPU
	EndGlobalSection
	GlobalSection(SolutionProperties) = preSolution
		HideSolutionNode = FALSE
	EndGlobalSection
	GlobalSection(ExtensibilityGlobals) = postSolution
		SolutionGuid = {9FB6B681-E014-40B7-83E0-53A550136A4F}
	EndGlobalSection
EndGlobal
